
Microsoft Visual Studio Solution File, Format Version 12.00
# Visual Studio Version 17
VisualStudioVersion = 17.0.31903.59
MinimumVisualStudioVersion = 10.0.40219.1
Project("{2150E333-8FDC-42A3-9474-1A3956D46DE8}") = "services", "services", "{5854FF58-B8C5-05C6-5BF2-ACE42193F22B}"
EndProject
Project("{FAE04EC0-301F-11D3-BF4B-00C04F79EFBC}") = "ConexaoSolidaria.Api", "services\ConexaoSolidaria.Api\ConexaoSolidaria.Api.csproj", "{3FC4F8F6-4578-415F-95D9-869634314EFD}"
EndProject
Project("{FAE04EC0-301F-11D3-BF4B-00C04F79EFBC}") = "ConexaoSolidaria.Worker", "services\ConexaoSolidaria.Worker\ConexaoSolidaria.Worker.csproj", "{51A045DC-3956-4B1A-B9EC-2D84B2E2F320}"
EndProject
Project("{2150E333-8FDC-42A3-9474-1A3956D46DE8}") = "shared", "shared", "{4F52FD11-658E-A102-6CD3-7D7C16FFA15B}"
EndProject
Project("{FAE04EC0-301F-11D3-BF4B-00C04F79EFBC}") = "ConexaoSolidaria.Shared", "shared\ConexaoSolidaria.Shared\ConexaoSolidaria.Shared.csproj", "{F4FCA7AD-2EE5-447A-8030-4A6715DF4379}"
EndProject
Global
	GlobalSection(SolutionConfigurationPlatforms) = preSolution
		Debug|Any CPU = Debug|Any CPU
		Debug|x64 = Debug|x64
		Debug|x86 = Debug|x86
		Release|Any CPU = Release|Any CPU
		Release|x64 = Release|x64
		Release|x86 = Release|x86
	EndGlobalSection
	GlobalSection(ProjectConfigurationPlatforms) = postSolution
		{3FC4F8F6-4578-415F-95D9-869634314EFD}.Debug|Any CPU.ActiveCfg = Debug|Any CPU
		{3FC4F8F6-4578-415F-95D9-869634314EFD}.Debug|Any CPU.Build.0 = Debug|Any CPU
		{3FC4F8F6-4578-415F-95D9-869634314EFD}.Debug|x64.ActiveCfg = Debug|Any CPU
		{3FC4F8F6-4578-415F-95D9-869634314EFD}.Debug|x64.Build.0 = Debug|Any CPU
		{3FC4F8F6-4578-415F-95D9-869634314EFD}.Debug|x86.ActiveCfg = Debug|Any CPU
		{3FC4F8F6-4578-415F-95D9-869634314EFD}.Debug|x86.Build.0 = Debug|Any CPU
		{3FC4F8F6-4578-415F-95D9-869634314EFD}.Release|Any CPU.ActiveCfg = Release|Any CPU
		{3FC4F8F6-4578-415F-95D9-869634314EFD}.Release|Any CPU.Build.0 = Release|Any CPU
		{3FC4F8F6-4578-415F-95D9-869634314EFD}.Release|x64.ActiveCfg = Release|Any CPU
		{3FC4F8F6-4578-415F-95D9-869634314EFD}.Release|x64.Build.0 = Release|Any CPU
		{3FC4F8F6-4578-415F-95D9-869634314EFD}.Release|x86.ActiveCfg = Release|Any CPU
		{3FC4F8F6-4578-415F-95D9-869634314EFD}.Release|x86.Build.0 = Release|Any CPU
		{51A045DC-3956-4B1A-B9EC-2D84B2E2F320}.Debug|Any CPU.ActiveCfg = Debug|Any CPU
		{51A045DC-3956-4B1A-B9EC-2D84B2E2F320}.Debug|Any CPU.Build.0 = Debug|Any CPU
		{51A045DC-3956-4B1A-B9EC-2D84B2E2F320}.Debug|x64.ActiveCfg = Debug|Any CPU
		{51A045DC-3956-4B1A-B9EC-2D84B2E2F320}.Debug|x64.Build.0 = Debug|Any CPU
		{51A045DC-3956-4B1A-B9EC-2D84B2E2F320}.Debug|x86.ActiveCfg = Debug|Any CPU
		{51A045DC-3956-4B1A-B9EC-2D84B2E2F320}.Debug|x86.Build.0 = Debug|Any CPU
		{51A045DC-3956-4B1A-B9EC-2D84B2E2F320}.Release|Any CPU.ActiveCfg = Release|Any CPU
		{51A045DC-3956-4B1A-B9EC-2D84B2E2F320}.Release|Any CPU.Build.0 = Release|Any CPU
		{51A045DC-3956-4B1A-B9EC-2D84B2E2F320}.Release|x64.ActiveCfg = Release|Any CPU
		{51A045DC-3956-4B1A-B9EC-2D84B2E2F320}.Release|x64.Build.0 = Release|Any CPU
		{51A045DC-3956-4B1A-B9EC-2D84B2E2F320}.Release|x86.ActiveCfg = Release|Any CPU
		{51A045DC-3956-4B1A-B9EC-2D84B2E2F320}.Release|x86.Build.0 = Release|Any CPU
		{F4FCA7AD-2EE5-447A-8030-4A6715DF4379}.Debug|Any CPU.ActiveCfg = Debug|Any CPU
		{F4FCA7AD-2EE5-447A-8030-4A6715DF4379}.Debug|Any CPU.Build.0 = Debug|Any CPU
		{F4FCA7AD-2EE5-447A-8030-4A6715DF4379}.Debug|x64.ActiveCfg = Debug|Any CPU
		{F4FCA7AD-2EE5-447A-8030-4A6715DF4379}.Debug|x64.Build.0 = Debug|Any CPU
		{F4FCA7AD-2EE5-447A-8030-4A6715DF4379}.Debug|x86.ActiveCfg = Debug|Any CPU
		{F4FCA7AD-2EE5-447A-8030-4A6715DF4379}.Debug|x86.Build.0 = Debug|Any CPU
		{F4FCA7AD-2EE5-447A-8030-4A6715DF4379}.Release|Any CPU.ActiveCfg = Release|Any CPU
		{F4FCA7AD-2EE5-447A-8030-4A6715DF4379}.Release|Any CPU.Build.0 = Release|Any CPU
		{F4FCA7AD-2EE5-447A-8030-4A6715DF4379}.Release|x64.ActiveCfg = Release|Any CPU
		{F4FCA7AD-2EE5-447A-8030-4A6715DF4379}.Release|x64.Build.0 = Release|Any CPU
		{F4FCA7AD-2EE5-447A-8030-4A6715DF4379}.Release|x86.ActiveCfg = Release|Any CPU
		{F4FCA7AD-2EE5-447A-8030-4A6715DF4379}.Release|x86.Build.0 = Release|Any CPU
	EndGlobalSection
	GlobalSection(SolutionProperties) = preSolution
		HideSolutionNode = FALSE
	EndGlobalSection
	GlobalSection(NestedProjects) = preSolution
		{3FC4F8F6-4578-415F-95D9-869634314EFD} = {5854FF58-B8C5-05C6-5BF2-ACE42193F22B}
		{51A045DC-3956-4B1A-B9EC-2D84B2E2F320} = {5854FF58-B8C5-05C6-5BF2-ACE42193F22B}
		{F4FCA7AD-2EE5-447A-8030-4A6715DF4379} = {4F52FD11-658E-A102-6CD3-7D7C16FFA15B}
	EndGlobalSection
EndGlobal
